
Microsoft Visual Studio Solution File, Format Version 12.00
# Visual Studio Version 17
VisualStudioVersion = 17.13.35828.75
MinimumVisualStudioVersion = 10.0.40219.1
Project("{FAE04EC0-301F-11D3-BF4B-00C04F79EFBC}") = "1.FirstProject", "FirstProject\1.FirstProject.csproj", "{D860D655-C706-476B-91AA-75A5924AC049}"
EndProject
Project("{FAE04EC0-301F-11D3-BF4B-00C04F79EFBC}") = "2.Operators", "Operators\2.Operators.csproj", "{E730F80F-7B64-454B-872D-D3521BB0B236}"
EndProject
Project("{FAE04EC0-301F-11D3-BF4B-00C04F79EFBC}") = "3.RaycastSample", "RaycastSample\3.RaycastSample.csproj", "{D476D21E-87E1-42AB-B490-572BB33F8EF3}"
EndProject
Project("{FAE04EC0-301F-11D3-BF4B-00C04F79EFBC}") = "4.BasicControlStatements", "BasicControlStatements\4.BasicControlStatements.csproj", "{3FCC4DD6-DF62-4880-BF8C-A14DCE654263}"
EndProject
Project("{FAE04EC0-301F-11D3-BF4B-00C04F79EFBC}") = "5.MethodSample", "MethodSample\5.MethodSample.csproj", "{F90CB695-B4EC-4B3E-AD60-A5845540509E}"
EndProject
Project("{FAE04EC0-301F-11D3-BF4B-00C04F79EFBC}") = "6.EnumSample", "EnumSample\6.EnumSample.csproj", "{E4DFB0F4-83AA-4DB0-8517-15FEB4AF8A4C}"
EndProject
Project("{FAE04EC0-301F-11D3-BF4B-00C04F79EFBC}") = "7.ArraySample", "ArraySample\7.ArraySample.csproj", "{44CF2C5C-AD72-414E-8405-BE1C1393931C}"
EndProject
Project("{FAE04EC0-301F-11D3-BF4B-00C04F79EFBC}") = "8.StructureSample", "StructureSample\8.StructureSample.csproj", "{C3583B2A-1D81-49F1-843D-C7A4754ACA72}"
EndProject
Global
	GlobalSection(SolutionConfigurationPlatforms) = preSolution
		Debug|Any CPU = Debug|Any CPU
		Release|Any CPU = Release|Any CPU
	EndGlobalSection
	GlobalSection(ProjectConfigurationPlatforms) = postSolution
		{D860D655-C706-476B-91AA-75A5924AC049}.Debug|Any CPU.ActiveCfg = Debug|Any CPU
		{D860D655-C706-476B-91AA-75A5924AC049}.Debug|Any CPU.Build.0 = Debug|Any CPU
		{D860D655-C706-476B-91AA-75A5924AC049}.Release|Any CPU.ActiveCfg = Release|Any CPU
		{D860D655-C706-476B-91AA-75A5924AC049}.Release|Any CPU.Build.0 = Release|Any CPU
		{E730F80F-7B64-454B-872D-D3521BB0B236}.Debug|Any CPU.ActiveCfg = Debug|Any CPU
		{E730F80F-7B64-454B-872D-D3521BB0B236}.Debug|Any CPU.Build.0 = Debug|Any CPU
		{E730F80F-7B64-454B-872D-D3521BB0B236}.Release|Any CPU.ActiveCfg = Release|Any CPU
		{E730F80F-7B64-454B-872D-D3521BB0B236}.Release|Any CPU.Build.0 = Release|Any CPU
		{D476D21E-87E1-42AB-B490-572BB33F8EF3}.Debug|Any CPU.ActiveCfg = Debug|Any CPU
		{D476D21E-87E1-42AB-B490-572BB33F8EF3}.Debug|Any CPU.Build.0 = Debug|Any CPU
		{D476D21E-87E1-42AB-B490-572BB33F8EF3}.Release|Any CPU.ActiveCfg = Release|Any CPU
		{D476D21E-87E1-42AB-B490-572BB33F8EF3}.Release|Any CPU.Build.0 = Release|Any CPU
		{3FCC4DD6-DF62-4880-BF8C-A14DCE654263}.Debug|Any CPU.ActiveCfg = Debug|Any CPU
		{3FCC4DD6-DF62-4880-BF8C-A14DCE654263}.Debug|Any CPU.Build.0 = Debug|Any CPU
		{3FCC4DD6-DF62-4880-BF8C-A14DCE654263}.Release|Any CPU.ActiveCfg = Release|Any CPU
		{3FCC4DD6-DF62-4880-BF8C-A14DCE654263}.Release|Any CPU.Build.0 = Release|Any CPU
		{F90CB695-B4EC-4B3E-AD60-A5845540509E}.Debug|Any CPU.ActiveCfg = Debug|Any CPU
		{F90CB695-B4EC-4B3E-AD60-A5845540509E}.Debug|Any CPU.Build.0 = Debug|Any CPU
		{F90CB695-B4EC-4B3E-AD60-A5845540509E}.Release|Any CPU.ActiveCfg = Release|Any CPU
		{F90CB695-B4EC-4B3E-AD60-A5845540509E}.Release|Any CPU.Build.0 = Release|Any CPU
		{E4DFB0F4-83AA-4DB0-8517-15FEB4AF8A4C}.Debug|Any CPU.ActiveCfg = Debug|Any CPU
		{E4DFB0F4-83AA-4DB0-8517-15FEB4AF8A4C}.Debug|Any CPU.Build.0 = Debug|Any CPU
		{E4DFB0F4-83AA-4DB0-8517-15FEB4AF8A4C}.Release|Any CPU.ActiveCfg = Release|Any CPU
		{E4DFB0F4-83AA-4DB0-8517-15FEB4AF8A4C}.Release|Any CPU.Build.0 = Release|Any CPU
		{44CF2C5C-AD72-414E-8405-BE1C1393931C}.Debug|Any CPU.ActiveCfg = Debug|Any CPU
		{44CF2C5C-AD72-414E-8405-BE1C1393931C}.Debug|Any CPU.Build.0 = Debug|Any CPU
		{44CF2C5C-AD72-414E-8405-BE1C1393931C}.Release|Any CPU.ActiveCfg = Release|Any CPU
		{44CF2C5C-AD72-414E-8405-BE1C1393931C}.Release|Any CPU.Build.0 = Release|Any CPU
		{C3583B2A-1D81-49F1-843D-C7A4754ACA72}.Debug|Any CPU.ActiveCfg = Debug|Any CPU
		{C3583B2A-1D81-49F1-843D-C7A4754ACA72}.Debug|Any CPU.Build.0 = Debug|Any CPU
		{C3583B2A-1D81-49F1-843D-C7A4754ACA72}.Release|Any CPU.ActiveCfg = Release|Any CPU
		{C3583B2A-1D81-49F1-843D-C7A4754ACA72}.Release|Any CPU.Build.0 = Release|Any CPU
	EndGlobalSection
	GlobalSection(SolutionProperties) = preSolution
		HideSolutionNode = FALSE
	EndGlobalSection
	GlobalSection(ExtensibilityGlobals) = postSolution
		SolutionGuid = {A6753E45-D9C6-4EF2-85D4-A2FEAB4A3C05}
	EndGlobalSection
EndGlobal
